
Microsoft Visual Studio Solution File, Format Version 12.00
# Visual Studio Version 17
VisualStudioVersion = 17.3.32819.101
MinimumVisualStudioVersion = 10.0.40219.1
Project("{FAE04EC0-301F-11D3-BF4B-00C04F79EFBC}") = "ConvertLatLongDec2UTM", "ConvertLatLongDec2UTM.csproj", "{5C11FF72-07B5-487F-A73E-AEF0F3BEF598}"
EndProject
Global
	GlobalSection(SolutionConfigurationPlatforms) = preSolution
		Debug|Any CPU = Debug|Any CPU
		Release|Any CPU = Release|Any CPU
	EndGlobalSection
	GlobalSection(ProjectConfigurationPlatforms) = postSolution
		{5C11FF72-07B5-487F-A73E-AEF0F3BEF598}.Debug|Any CPU.ActiveCfg = Debug|Any CPU
		{5C11FF72-07B5-487F-A73E-AEF0F3BEF598}.Debug|Any CPU.Build.0 = Debug|Any CPU
		{5C11FF72-07B5-487F-A73E-AEF0F3BEF598}.Release|Any CPU.ActiveCfg = Release|Any CPU
		{5C11FF72-07B5-487F-A73E-AEF0F3BEF598}.Release|Any CPU.Build.0 = Release|Any CPU
	EndGlobalSection
	GlobalSection(SolutionProperties) = preSolution
		HideSolutionNode = FALSE
	EndGlobalSection
	GlobalSection(ExtensibilityGlobals) = postSolution
		SolutionGuid = {58817FFD-F42F-403A-9CF1-51F87049AAF5}
	EndGlobalSection
EndGlobal
